<?xml version="1.0" encoding="utf-8"?>
<Project ToolsVersion="4.0" xmlns="http://schemas.microsoft.com/developer/msbuild/2003">
  <ItemGroup>
    <ClCompile Include="main.cpp" />
    <ClCompile Include="Example.cpp" />
    <ClCompile Include="Examples\HighPolyBenchmarkExample.cpp">
      <Filter>Examples</Filter>
    </ClCompile>
    <ClCompile Include="Examples\FreeLookExample.cpp">
      <Filter>Examples</Filter>
    </ClCompile>
    <ClCompile Include="Examples\MeshViewExample.cpp">
      <Filter>Examples</Filter>
    </ClCompile>
    <ClCompile Include="Examples\PrimitivesExample.cpp">
      <Filter>Examples</Filter>
    </ClCompile>
    <ClCompile Include="Examples\ShadowMapExample.cpp">
      <Filter>Examples</Filter>
    </ClCompile>
    <ClCompile Include="Examples\SphereMapExample.cpp">
      <Filter>Examples</Filter>
    </ClCompile>
  </ItemGroup>
  <ItemGroup>
    <ClInclude Include="Example.h" />
    <ClInclude Include="Examples\HighPolyBenchmarkExample.h">
      <Filter>Examples</Filter>
    </ClInclude>
    <ClInclude Include="Examples\FreeLookExample.h">
      <Filter>Examples</Filter>
    </ClInclude>
    <ClInclude Include="Examples\MeshViewExample.h">
      <Filter>Examples</Filter>
    </ClInclude>
    <ClInclude Include="Examples\PrimitivesExample.h">
      <Filter>Examples</Filter>
    </ClInclude>
    <ClInclude Include="Examples\ShadowMapExample.h">
      <Filter>Examples</Filter>
    </ClInclude>
    <ClInclude Include="Examples\SphereMapExample.h">
      <Filter>Examples</Filter>
    </ClInclude>
  </ItemGroup>
  <ItemGroup>
    <Filter Include="Examples">
      <UniqueIdentifier>{2990a120-3803-42cd-a7dd-d3b0f08dc41e}</UniqueIdentifier>
    </Filter>
  </ItemGroup>
</Project>