<?xml version="1.0" encoding="utf-8"?>
<Project ToolsVersion="4.0" xmlns="http://schemas.microsoft.com/developer/msbuild/2003">
  <ItemGroup>
    <Filter Include="SDL">
      <UniqueIdentifier>{d308a57e-e7a7-49ce-9c72-73d17050e824}</UniqueIdentifier>
    </Filter>
  </ItemGroup>
  <ItemGroup>
    <ClInclude Include="$(MSBuildThisFileDirectory)SDL\begin_code.h">
      <Filter>SDL</Filter>
    </ClInclude>
    <ClInclude Include="$(MSBuildThisFileDirectory)SDL\close_code.h">
      <Filter>SDL</Filter>
    </ClInclude>
    <ClInclude Include="$(MSBuildThisFileDirectory)SDL\SDL.h">
      <Filter>SDL</Filter>
    </ClInclude>
    <ClInclude Include="$(MSBuildThisFileDirectory)SDL\SDL_assert.h">
      <Filter>SDL</Filter>
    </ClInclude>
    <ClInclude Include="$(MSBuildThisFileDirectory)SDL\SDL_atomic.h">
      <Filter>SDL</Filter>
    </ClInclude>
    <ClInclude Include="$(MSBuildThisFileDirectory)SDL\SDL_audio.h">
      <Filter>SDL</Filter>
    </ClInclude>
    <ClInclude Include="$(MSBuildThisFileDirectory)SDL\SDL_bits.h">
      <Filter>SDL</Filter>
    </ClInclude>
    <ClInclude Include="$(MSBuildThisFileDirectory)SDL\SDL_blendmode.h">
      <Filter>SDL</Filter>
    </ClInclude>
    <ClInclude Include="$(MSBuildThisFileDirectory)SDL\SDL_clipboard.h">
      <Filter>SDL</Filter>
    </ClInclude>
    <ClInclude Include="$(MSBuildThisFileDirectory)SDL\SDL_config.h">
      <Filter>SDL</Filter>
    </ClInclude>
    <ClInclude Include="$(MSBuildThisFileDirectory)SDL\SDL_cpuinfo.h">
      <Filter>SDL</Filter>
    </ClInclude>
    <ClInclude Include="$(MSBuildThisFileDirectory)SDL\SDL_egl.h">
      <Filter>SDL</Filter>
    </ClInclude>
    <ClInclude Include="$(MSBuildThisFileDirectory)SDL\SDL_endian.h">
      <Filter>SDL</Filter>
    </ClInclude>
    <ClInclude Include="$(MSBuildThisFileDirectory)SDL\SDL_error.h">
      <Filter>SDL</Filter>
    </ClInclude>
    <ClInclude Include="$(MSBuildThisFileDirectory)SDL\SDL_events.h">
      <Filter>SDL</Filter>
    </ClInclude>
    <ClInclude Include="$(MSBuildThisFileDirectory)SDL\SDL_filesystem.h">
      <Filter>SDL</Filter>
    </ClInclude>
    <ClInclude Include="$(MSBuildThisFileDirectory)SDL\SDL_gamecontroller.h">
      <Filter>SDL</Filter>
    </ClInclude>
    <ClInclude Include="$(MSBuildThisFileDirectory)SDL\SDL_gesture.h">
      <Filter>SDL</Filter>
    </ClInclude>
    <ClInclude Include="$(MSBuildThisFileDirectory)SDL\SDL_guid.h">
      <Filter>SDL</Filter>
    </ClInclude>
    <ClInclude Include="$(MSBuildThisFileDirectory)SDL\SDL_haptic.h">
      <Filter>SDL</Filter>
    </ClInclude>
    <ClInclude Include="$(MSBuildThisFileDirectory)SDL\SDL_hidapi.h">
      <Filter>SDL</Filter>
    </ClInclude>
    <ClInclude Include="$(MSBuildThisFileDirectory)SDL\SDL_hints.h">
      <Filter>SDL</Filter>
    </ClInclude>
    <ClInclude Include="$(MSBuildThisFileDirectory)SDL\SDL_joystick.h">
      <Filter>SDL</Filter>
    </ClInclude>
    <ClInclude Include="$(MSBuildThisFileDirectory)SDL\SDL_keyboard.h">
      <Filter>SDL</Filter>
    </ClInclude>
    <ClInclude Include="$(MSBuildThisFileDirectory)SDL\SDL_keycode.h">
      <Filter>SDL</Filter>
    </ClInclude>
    <ClInclude Include="$(MSBuildThisFileDirectory)SDL\SDL_loadso.h">
      <Filter>SDL</Filter>
    </ClInclude>
    <ClInclude Include="$(MSBuildThisFileDirectory)SDL\SDL_locale.h">
      <Filter>SDL</Filter>
    </ClInclude>
    <ClInclude Include="$(MSBuildThisFileDirectory)SDL\SDL_log.h">
      <Filter>SDL</Filter>
    </ClInclude>
    <ClInclude Include="$(MSBuildThisFileDirectory)SDL\SDL_main.h">
      <Filter>SDL</Filter>
    </ClInclude>
    <ClInclude Include="$(MSBuildThisFileDirectory)SDL\SDL_messagebox.h">
      <Filter>SDL</Filter>
    </ClInclude>
    <ClInclude Include="$(MSBuildThisFileDirectory)SDL\SDL_metal.h">
      <Filter>SDL</Filter>
    </ClInclude>
    <ClInclude Include="$(MSBuildThisFileDirectory)SDL\SDL_misc.h">
      <Filter>SDL</Filter>
    </ClInclude>
    <ClInclude Include="$(MSBuildThisFileDirectory)SDL\SDL_mouse.h">
      <Filter>SDL</Filter>
    </ClInclude>
    <ClInclude Include="$(MSBuildThisFileDirectory)SDL\SDL_mutex.h">
      <Filter>SDL</Filter>
    </ClInclude>
    <ClInclude Include="$(MSBuildThisFileDirectory)SDL\SDL_name.h">
      <Filter>SDL</Filter>
    </ClInclude>
    <ClInclude Include="$(MSBuildThisFileDirectory)SDL\SDL_opengl.h">
      <Filter>SDL</Filter>
    </ClInclude>
    <ClInclude Include="$(MSBuildThisFileDirectory)SDL\SDL_opengl_glext.h">
      <Filter>SDL</Filter>
    </ClInclude>
    <ClInclude Include="$(MSBuildThisFileDirectory)SDL\SDL_opengles.h">
      <Filter>SDL</Filter>
    </ClInclude>
    <ClInclude Include="$(MSBuildThisFileDirectory)SDL\SDL_opengles2.h">
      <Filter>SDL</Filter>
    </ClInclude>
    <ClInclude Include="$(MSBuildThisFileDirectory)SDL\SDL_opengles2_gl2.h">
      <Filter>SDL</Filter>
    </ClInclude>
    <ClInclude Include="$(MSBuildThisFileDirectory)SDL\SDL_opengles2_gl2ext.h">
      <Filter>SDL</Filter>
    </ClInclude>
    <ClInclude Include="$(MSBuildThisFileDirectory)SDL\SDL_opengles2_gl2platform.h">
      <Filter>SDL</Filter>
    </ClInclude>
    <ClInclude Include="$(MSBuildThisFileDirectory)SDL\SDL_opengles2_khrplatform.h">
      <Filter>SDL</Filter>
    </ClInclude>
    <ClInclude Include="$(MSBuildThisFileDirectory)SDL\SDL_pixels.h">
      <Filter>SDL</Filter>
    </ClInclude>
    <ClInclude Include="$(MSBuildThisFileDirectory)SDL\SDL_platform.h">
      <Filter>SDL</Filter>
    </ClInclude>
    <ClInclude Include="$(MSBuildThisFileDirectory)SDL\SDL_power.h">
      <Filter>SDL</Filter>
    </ClInclude>
    <ClInclude Include="$(MSBuildThisFileDirectory)SDL\SDL_quit.h">
      <Filter>SDL</Filter>
    </ClInclude>
    <ClInclude Include="$(MSBuildThisFileDirectory)SDL\SDL_rect.h">
      <Filter>SDL</Filter>
    </ClInclude>
    <ClInclude Include="$(MSBuildThisFileDirectory)SDL\SDL_render.h">
      <Filter>SDL</Filter>
    </ClInclude>
    <ClInclude Include="$(MSBuildThisFileDirectory)SDL\SDL_revision.h">
      <Filter>SDL</Filter>
    </ClInclude>
    <ClInclude Include="$(MSBuildThisFileDirectory)SDL\SDL_rwops.h">
      <Filter>SDL</Filter>
    </ClInclude>
    <ClInclude Include="$(MSBuildThisFileDirectory)SDL\SDL_scancode.h">
      <Filter>SDL</Filter>
    </ClInclude>
    <ClInclude Include="$(MSBuildThisFileDirectory)SDL\SDL_sensor.h">
      <Filter>SDL</Filter>
    </ClInclude>
    <ClInclude Include="$(MSBuildThisFileDirectory)SDL\SDL_shape.h">
      <Filter>SDL</Filter>
    </ClInclude>
    <ClInclude Include="$(MSBuildThisFileDirectory)SDL\SDL_stdinc.h">
      <Filter>SDL</Filter>
    </ClInclude>
    <ClInclude Include="$(MSBuildThisFileDirectory)SDL\SDL_surface.h">
      <Filter>SDL</Filter>
    </ClInclude>
    <ClInclude Include="$(MSBuildThisFileDirectory)SDL\SDL_system.h">
      <Filter>SDL</Filter>
    </ClInclude>
    <ClInclude Include="$(MSBuildThisFileDirectory)SDL\SDL_syswm.h">
      <Filter>SDL</Filter>
    </ClInclude>
    <ClInclude Include="$(MSBuildThisFileDirectory)SDL\SDL_test.h">
      <Filter>SDL</Filter>
    </ClInclude>
    <ClInclude Include="$(MSBuildThisFileDirectory)SDL\SDL_test_assert.h">
      <Filter>SDL</Filter>
    </ClInclude>
    <ClInclude Include="$(MSBuildThisFileDirectory)SDL\SDL_test_common.h">
      <Filter>SDL</Filter>
    </ClInclude>
    <ClInclude Include="$(MSBuildThisFileDirectory)SDL\SDL_test_compare.h">
      <Filter>SDL</Filter>
    </ClInclude>
    <ClInclude Include="$(MSBuildThisFileDirectory)SDL\SDL_test_crc32.h">
      <Filter>SDL</Filter>
    </ClInclude>
    <ClInclude Include="$(MSBuildThisFileDirectory)SDL\SDL_test_font.h">
      <Filter>SDL</Filter>
    </ClInclude>
    <ClInclude Include="$(MSBuildThisFileDirectory)SDL\SDL_test_fuzzer.h">
      <Filter>SDL</Filter>
    </ClInclude>
    <ClInclude Include="$(MSBuildThisFileDirectory)SDL\SDL_test_harness.h">
      <Filter>SDL</Filter>
    </ClInclude>
    <ClInclude Include="$(MSBuildThisFileDirectory)SDL\SDL_test_images.h">
      <Filter>SDL</Filter>
    </ClInclude>
    <ClInclude Include="$(MSBuildThisFileDirectory)SDL\SDL_test_log.h">
      <Filter>SDL</Filter>
    </ClInclude>
    <ClInclude Include="$(MSBuildThisFileDirectory)SDL\SDL_test_md5.h">
      <Filter>SDL</Filter>
    </ClInclude>
    <ClInclude Include="$(MSBuildThisFileDirectory)SDL\SDL_test_memory.h">
      <Filter>SDL</Filter>
    </ClInclude>
    <ClInclude Include="$(MSBuildThisFileDirectory)SDL\SDL_test_random.h">
      <Filter>SDL</Filter>
    </ClInclude>
    <ClInclude Include="$(MSBuildThisFileDirectory)SDL\SDL_thread.h">
      <Filter>SDL</Filter>
    </ClInclude>
    <ClInclude Include="$(MSBuildThisFileDirectory)SDL\SDL_timer.h">
      <Filter>SDL</Filter>
    </ClInclude>
    <ClInclude Include="$(MSBuildThisFileDirectory)SDL\SDL_touch.h">
      <Filter>SDL</Filter>
    </ClInclude>
    <ClInclude Include="$(MSBuildThisFileDirectory)SDL\SDL_types.h">
      <Filter>SDL</Filter>
    </ClInclude>
    <ClInclude Include="$(MSBuildThisFileDirectory)SDL\SDL_version.h">
      <Filter>SDL</Filter>
    </ClInclude>
    <ClInclude Include="$(MSBuildThisFileDirectory)SDL\SDL_video.h">
      <Filter>SDL</Filter>
    </ClInclude>
    <ClInclude Include="$(MSBuildThisFileDirectory)SDL\SDL_vulkan.h">
      <Filter>SDL</Filter>
    </ClInclude>
    <ClInclude Include="$(MSBuildThisFileDirectory)Window.h" />
    <ClInclude Include="$(MSBuildThisFileDirectory)Input.h" />
    <ClInclude Include="$(MSBuildThisFileDirectory)SDL\SDL_image.h">
      <Filter>SDL</Filter>
    </ClInclude>
    <ClInclude Include="$(MSBuildThisFileDirectory)Bitmap.h" />
    <ClInclude Include="$(MSBuildThisFileDirectory)FileReader.h" />
    <ClInclude Include="$(MSBuildThisFileDirectory)Thread.h" />
  </ItemGroup>
  <ItemGroup>
    <ClCompile Include="$(MSBuildThisFileDirectory)Window.cpp" />
    <ClCompile Include="$(MSBuildThisFileDirectory)Input.cpp" />
    <ClCompile Include="$(MSBuildThisFileDirectory)Bitmap.cpp" />
    <ClCompile Include="$(MSBuildThisFileDirectory)FileReader.cpp" />
    <ClCompile Include="$(MSBuildThisFileDirectory)Thread.cpp" />
  </ItemGroup>
  <ItemGroup>
    <Library Include="$(MSBuildThisFileDirectory)SDL2.lib" />
    <Library Include="$(MSBuildThisFileDirectory)SDL2_image.lib" />
    <Library Include="$(MSBuildThisFileDirectory)SDL2main.lib" />
  </ItemGroup>
</Project>